
Microsoft Visual Studio Solution File, Format Version 12.00
# Visual Studio Version 16
VisualStudioVersion = 16.0.31729.503
MinimumVisualStudioVersion = 10.0.40219.1
Project("{FAE04EC0-301F-11D3-BF4B-00C04F79EFBC}") = "Umbraco_Portfolio_Site", "Umbraco_Portfolio_Site\Umbraco_Portfolio_Site.csproj", "{093C8D19-6A7B-446B-A5F8-7AEF586F9919}"
EndProject
Global
	GlobalSection(SolutionConfigurationPlatforms) = preSolution
		Debug|Any CPU = Debug|Any CPU
		Release|Any CPU = Release|Any CPU
	EndGlobalSection
	GlobalSection(ProjectConfigurationPlatforms) = postSolution
		{093C8D19-6A7B-446B-A5F8-7AEF586F9919}.Debug|Any CPU.ActiveCfg = Debug|Any CPU
		{093C8D19-6A7B-446B-A5F8-7AEF586F9919}.Debug|Any CPU.Build.0 = Debug|Any CPU
		{093C8D19-6A7B-446B-A5F8-7AEF586F9919}.Release|Any CPU.ActiveCfg = Release|Any CPU
		{093C8D19-6A7B-446B-A5F8-7AEF586F9919}.Release|Any CPU.Build.0 = Release|Any CPU
	EndGlobalSection
	GlobalSection(SolutionProperties) = preSolution
		HideSolutionNode = FALSE
	EndGlobalSection
	GlobalSection(ExtensibilityGlobals) = postSolution
		SolutionGuid = {BF2468DA-815D-454C-9C15-8FDE48F11A51}
	EndGlobalSection
EndGlobal
